{
  "version": 4,
  "terraform_version": "0.12.26",
  "serial": 19,
  "lineage": "cc375d29-340e-c06d-969d-8c2f0bb14fe8",
  "outputs": {},
  "resources": [
    {
      "mode": "managed",
      "type": "azurerm_linux_virtual_machine",
      "name": "vm",
      "provider": "provider.azurerm",
      "instances": [
        {
          "status": "tainted",
          "schema_version": 0,
          "attributes": {
            "additional_capabilities": [],
            "admin_password": "Coremain1234!",
            "admin_ssh_key": [],
            "admin_username": "xac0",
            "allow_extension_operations": true,
            "availability_set_id": "",
            "boot_diagnostics": [],
            "computer_name": "proyecto-vm-agent",
            "custom_data": null,
            "dedicated_host_id": "",
            "disable_password_authentication": false,
            "eviction_policy": "",
            "id": "/subscriptions/00bee382-32ba-42b5-bb2a-5077c7ed4323/resourceGroups/proyecto-ciclo/providers/Microsoft.Compute/virtualMachines/proyecto-vm-agent",
            "identity": [],
            "location": "westeurope",
            "max_bid_price": -1,
            "name": "proyecto-vm-agent",
            "network_interface_ids": [
              "/subscriptions/00bee382-32ba-42b5-bb2a-5077c7ed4323/resourceGroups/proyecto-ciclo/providers/Microsoft.Network/networkInterfaces/proyecto-interfaz-agent"
            ],
            "os_disk": [
              {
                "caching": "ReadWrite",
                "diff_disk_settings": [],
                "disk_encryption_set_id": "",
                "disk_size_gb": 30,
                "name": "proyecto-vm-agent_OsDisk_1_d23f60844d674e34badbc989aa06a48a",
                "storage_account_type": "Standard_LRS",
                "write_accelerator_enabled": false
              }
            ],
            "plan": [],
            "priority": "Regular",
            "private_ip_address": "10.0.2.4",
            "private_ip_addresses": [
              "10.0.2.4"
            ],
            "provision_vm_agent": true,
            "proximity_placement_group_id": "",
            "public_ip_address": "13.80.117.237",
            "public_ip_addresses": [
              "13.80.117.237"
            ],
            "resource_group_name": "proyecto-ciclo",
            "secret": [],
            "size": "Standard_F2",
            "source_image_id": "",
            "source_image_reference": [
              {
                "offer": "UbuntuServer",
                "publisher": "Canonical",
                "sku": "18.04-LTS",
                "version": "latest"
              }
            ],
            "tags": null,
            "timeouts": null,
            "virtual_machine_id": "7443c65b-f0c7-47c5-ab0b-6ca342a731de",
            "virtual_machine_scale_set_id": "",
            "zone": ""
          },
          "private": "eyJlMmJmYjczMC1lY2FhLTExZTYtOGY4OC0zNDM2M2JjN2M0YzAiOnsiY3JlYXRlIjoyNzAwMDAwMDAwMDAwLCJkZWxldGUiOjI3MDAwMDAwMDAwMDAsInJlYWQiOjMwMDAwMDAwMDAwMCwidXBkYXRlIjoyNzAwMDAwMDAwMDAwfX0=",
          "dependencies": [
            "azurerm_linux_virtual_machine.vmreg",
            "azurerm_network_interface.interfaz",
            "azurerm_resource_group.rg"
          ]
        }
      ]
    },
    {
      "mode": "managed",
      "type": "azurerm_linux_virtual_machine",
      "name": "vmreg",
      "provider": "provider.azurerm",
      "instances": [
        {
          "schema_version": 0,
          "attributes": {
            "additional_capabilities": [],
            "admin_password": "Coremain1234!",
            "admin_ssh_key": [],
            "admin_username": "xac0",
            "allow_extension_operations": true,
            "availability_set_id": "",
            "boot_diagnostics": [],
            "computer_name": "proyecto-vm-registry",
            "custom_data": null,
            "dedicated_host_id": "",
            "disable_password_authentication": false,
            "eviction_policy": "",
            "id": "/subscriptions/00bee382-32ba-42b5-bb2a-5077c7ed4323/resourceGroups/proyecto-ciclo/providers/Microsoft.Compute/virtualMachines/proyecto-vm-registry",
            "identity": [],
            "location": "westeurope",
            "max_bid_price": -1,
            "name": "proyecto-vm-registry",
            "network_interface_ids": [
              "/subscriptions/00bee382-32ba-42b5-bb2a-5077c7ed4323/resourceGroups/proyecto-ciclo/providers/Microsoft.Network/networkInterfaces/proyecto-interfaz-registry"
            ],
            "os_disk": [
              {
                "caching": "ReadWrite",
                "diff_disk_settings": [],
                "disk_encryption_set_id": "",
                "disk_size_gb": 30,
                "name": "proyecto-vm-registry_OsDisk_1_8107ff45dc0d4e2a92cb7ee92b3d2306",
                "storage_account_type": "Standard_LRS",
                "write_accelerator_enabled": false
              }
            ],
            "plan": [],
            "priority": "Regular",
            "private_ip_address": "10.0.2.4",
            "private_ip_addresses": [
              "10.0.2.4"
            ],
            "provision_vm_agent": true,
            "proximity_placement_group_id": "",
            "public_ip_address": "13.80.117.212",
            "public_ip_addresses": [
              "13.80.117.212"
            ],
            "resource_group_name": "proyecto-ciclo",
            "secret": [],
            "size": "Standard_F2",
            "source_image_id": "",
            "source_image_reference": [
              {
                "offer": "UbuntuServer",
                "publisher": "Canonical",
                "sku": "18.04-LTS",
                "version": "latest"
              }
            ],
            "tags": {},
            "timeouts": null,
            "virtual_machine_id": "7154542d-189e-4158-a1fc-fc1b07ccda15",
            "virtual_machine_scale_set_id": "",
            "zone": ""
          },
          "private": "eyJlMmJmYjczMC1lY2FhLTExZTYtOGY4OC0zNDM2M2JjN2M0YzAiOnsiY3JlYXRlIjoyNzAwMDAwMDAwMDAwLCJkZWxldGUiOjI3MDAwMDAwMDAwMDAsInJlYWQiOjMwMDAwMDAwMDAwMCwidXBkYXRlIjoyNzAwMDAwMDAwMDAwfX0=",
          "dependencies": [
            "azurerm_network_interface.interfazreg",
            "azurerm_public_ip.ip-publicareg",
            "azurerm_resource_group.rg",
            "azurerm_subnet.subredreg",
            "azurerm_virtual_network.redreg"
          ]
        }
      ]
    },
    {
      "mode": "managed",
      "type": "azurerm_network_interface",
      "name": "interfaz",
      "provider": "provider.azurerm",
      "instances": [
        {
          "schema_version": 0,
          "attributes": {
            "applied_dns_servers": [],
            "dns_servers": [],
            "enable_accelerated_networking": false,
            "enable_ip_forwarding": false,
            "id": "/subscriptions/00bee382-32ba-42b5-bb2a-5077c7ed4323/resourceGroups/proyecto-ciclo/providers/Microsoft.Network/networkInterfaces/proyecto-interfaz-agent",
            "internal_dns_name_label": "",
            "internal_domain_name_suffix": "yayyfkeqq0uuvphr2gljmjd5ue.ax.internal.cloudapp.net",
            "ip_configuration": [
              {
                "name": "internal",
                "primary": true,
                "private_ip_address": "10.0.2.4",
                "private_ip_address_allocation": "Dynamic",
                "private_ip_address_version": "IPv4",
                "public_ip_address_id": "/subscriptions/00bee382-32ba-42b5-bb2a-5077c7ed4323/resourceGroups/proyecto-ciclo/providers/Microsoft.Network/publicIPAddresses/proyecto-ip-agent",
                "subnet_id": "/subscriptions/00bee382-32ba-42b5-bb2a-5077c7ed4323/resourceGroups/proyecto-ciclo/providers/Microsoft.Network/virtualNetworks/proyecto-red-agent/subnets/proyecto-subred-agent"
              }
            ],
            "location": "westeurope",
            "mac_address": "00-0D-3A-AE-5A-74",
            "name": "proyecto-interfaz-agent",
            "private_ip_address": "10.0.2.4",
            "private_ip_addresses": [
              "10.0.2.4"
            ],
            "resource_group_name": "proyecto-ciclo",
            "tags": {},
            "timeouts": null,
            "virtual_machine_id": "/subscriptions/00bee382-32ba-42b5-bb2a-5077c7ed4323/resourceGroups/proyecto-ciclo/providers/Microsoft.Compute/virtualMachines/proyecto-vm-agent"
          },
          "private": "eyJlMmJmYjczMC1lY2FhLTExZTYtOGY4OC0zNDM2M2JjN2M0YzAiOnsiY3JlYXRlIjoxODAwMDAwMDAwMDAwLCJkZWxldGUiOjE4MDAwMDAwMDAwMDAsInJlYWQiOjMwMDAwMDAwMDAwMCwidXBkYXRlIjoxODAwMDAwMDAwMDAwfX0=",
          "dependencies": [
            "azurerm_public_ip.ip-publica",
            "azurerm_resource_group.rg",
            "azurerm_subnet.subred",
            "azurerm_virtual_network.red"
          ]
        }
      ]
    },
    {
      "mode": "managed",
      "type": "azurerm_network_interface",
      "name": "interfazreg",
      "provider": "provider.azurerm",
      "instances": [
        {
          "schema_version": 0,
          "attributes": {
            "applied_dns_servers": [],
            "dns_servers": [],
            "enable_accelerated_networking": false,
            "enable_ip_forwarding": false,
            "id": "/subscriptions/00bee382-32ba-42b5-bb2a-5077c7ed4323/resourceGroups/proyecto-ciclo/providers/Microsoft.Network/networkInterfaces/proyecto-interfaz-registry",
            "internal_dns_name_label": "",
            "internal_domain_name_suffix": "3tzqd4xz34wutlgdyuu5fbbdsd.ax.internal.cloudapp.net",
            "ip_configuration": [
              {
                "name": "internal",
                "primary": true,
                "private_ip_address": "10.0.2.4",
                "private_ip_address_allocation": "Dynamic",
                "private_ip_address_version": "IPv4",
                "public_ip_address_id": "/subscriptions/00bee382-32ba-42b5-bb2a-5077c7ed4323/resourceGroups/proyecto-ciclo/providers/Microsoft.Network/publicIPAddresses/proyecto-ip-registry",
                "subnet_id": "/subscriptions/00bee382-32ba-42b5-bb2a-5077c7ed4323/resourceGroups/proyecto-ciclo/providers/Microsoft.Network/virtualNetworks/proyecto-red-registry/subnets/proyecto-subred-registry"
              }
            ],
            "location": "westeurope",
            "mac_address": "00-0D-3A-A9-13-1A",
            "name": "proyecto-interfaz-registry",
            "private_ip_address": "10.0.2.4",
            "private_ip_addresses": [
              "10.0.2.4"
            ],
            "resource_group_name": "proyecto-ciclo",
            "tags": {},
            "timeouts": null,
            "virtual_machine_id": "/subscriptions/00bee382-32ba-42b5-bb2a-5077c7ed4323/resourceGroups/proyecto-ciclo/providers/Microsoft.Compute/virtualMachines/proyecto-vm-registry"
          },
          "private": "eyJlMmJmYjczMC1lY2FhLTExZTYtOGY4OC0zNDM2M2JjN2M0YzAiOnsiY3JlYXRlIjoxODAwMDAwMDAwMDAwLCJkZWxldGUiOjE4MDAwMDAwMDAwMDAsInJlYWQiOjMwMDAwMDAwMDAwMCwidXBkYXRlIjoxODAwMDAwMDAwMDAwfX0=",
          "dependencies": [
            "azurerm_public_ip.ip-publicareg",
            "azurerm_resource_group.rg",
            "azurerm_subnet.subredreg",
            "azurerm_virtual_network.redreg"
          ]
        }
      ]
    },
    {
      "mode": "managed",
      "type": "azurerm_public_ip",
      "name": "ip-publica",
      "provider": "provider.azurerm",
      "instances": [
        {
          "schema_version": 0,
          "attributes": {
            "allocation_method": "Static",
            "domain_name_label": null,
            "fqdn": null,
            "id": "/subscriptions/00bee382-32ba-42b5-bb2a-5077c7ed4323/resourceGroups/proyecto-ciclo/providers/Microsoft.Network/publicIPAddresses/proyecto-ip-agent",
            "idle_timeout_in_minutes": 4,
            "ip_address": "13.80.117.237",
            "ip_version": "IPv4",
            "location": "westeurope",
            "name": "proyecto-ip-agent",
            "public_ip_prefix_id": null,
            "resource_group_name": "proyecto-ciclo",
            "reverse_fqdn": null,
            "sku": "Basic",
            "tags": {},
            "timeouts": null,
            "zones": []
          },
          "private": "eyJlMmJmYjczMC1lY2FhLTExZTYtOGY4OC0zNDM2M2JjN2M0YzAiOnsiY3JlYXRlIjoxODAwMDAwMDAwMDAwLCJkZWxldGUiOjE4MDAwMDAwMDAwMDAsInJlYWQiOjMwMDAwMDAwMDAwMCwidXBkYXRlIjoxODAwMDAwMDAwMDAwfX0=",
          "dependencies": [
            "azurerm_resource_group.rg"
          ]
        }
      ]
    },
    {
      "mode": "managed",
      "type": "azurerm_public_ip",
      "name": "ip-publicareg",
      "provider": "provider.azurerm",
      "instances": [
        {
          "schema_version": 0,
          "attributes": {
            "allocation_method": "Static",
            "domain_name_label": null,
            "fqdn": null,
            "id": "/subscriptions/00bee382-32ba-42b5-bb2a-5077c7ed4323/resourceGroups/proyecto-ciclo/providers/Microsoft.Network/publicIPAddresses/proyecto-ip-registry",
            "idle_timeout_in_minutes": 4,
            "ip_address": "13.80.117.212",
            "ip_version": "IPv4",
            "location": "westeurope",
            "name": "proyecto-ip-registry",
            "public_ip_prefix_id": null,
            "resource_group_name": "proyecto-ciclo",
            "reverse_fqdn": null,
            "sku": "Basic",
            "tags": {},
            "timeouts": null,
            "zones": []
          },
          "private": "eyJlMmJmYjczMC1lY2FhLTExZTYtOGY4OC0zNDM2M2JjN2M0YzAiOnsiY3JlYXRlIjoxODAwMDAwMDAwMDAwLCJkZWxldGUiOjE4MDAwMDAwMDAwMDAsInJlYWQiOjMwMDAwMDAwMDAwMCwidXBkYXRlIjoxODAwMDAwMDAwMDAwfX0=",
          "dependencies": [
            "azurerm_resource_group.rg"
          ]
        }
      ]
    },
    {
      "mode": "managed",
      "type": "azurerm_resource_group",
      "name": "rg",
      "provider": "provider.azurerm",
      "instances": [
        {
          "schema_version": 0,
          "attributes": {
            "id": "/subscriptions/00bee382-32ba-42b5-bb2a-5077c7ed4323/resourceGroups/proyecto-ciclo",
            "location": "westeurope",
            "name": "proyecto-ciclo",
            "tags": {
              "environment": "Proyecto fin de Ciclo"
            },
            "timeouts": null
          },
          "private": "eyJlMmJmYjczMC1lY2FhLTExZTYtOGY4OC0zNDM2M2JjN2M0YzAiOnsiY3JlYXRlIjo1NDAwMDAwMDAwMDAwLCJkZWxldGUiOjU0MDAwMDAwMDAwMDAsInJlYWQiOjMwMDAwMDAwMDAwMCwidXBkYXRlIjo1NDAwMDAwMDAwMDAwfX0="
        }
      ]
    },
    {
      "mode": "managed",
      "type": "azurerm_subnet",
      "name": "subred",
      "provider": "provider.azurerm",
      "instances": [
        {
          "schema_version": 0,
          "attributes": {
            "address_prefix": "10.0.2.0/24",
            "address_prefixes": [
              "10.0.2.0/24"
            ],
            "delegation": [],
            "enforce_private_link_endpoint_network_policies": false,
            "enforce_private_link_service_network_policies": false,
            "id": "/subscriptions/00bee382-32ba-42b5-bb2a-5077c7ed4323/resourceGroups/proyecto-ciclo/providers/Microsoft.Network/virtualNetworks/proyecto-red-agent/subnets/proyecto-subred-agent",
            "name": "proyecto-subred-agent",
            "resource_group_name": "proyecto-ciclo",
            "service_endpoints": [],
            "timeouts": null,
            "virtual_network_name": "proyecto-red-agent"
          },
          "private": "eyJlMmJmYjczMC1lY2FhLTExZTYtOGY4OC0zNDM2M2JjN2M0YzAiOnsiY3JlYXRlIjoxODAwMDAwMDAwMDAwLCJkZWxldGUiOjE4MDAwMDAwMDAwMDAsInJlYWQiOjMwMDAwMDAwMDAwMCwidXBkYXRlIjoxODAwMDAwMDAwMDAwfX0=",
          "dependencies": [
            "azurerm_resource_group.rg",
            "azurerm_virtual_network.red"
          ]
        }
      ]
    },
    {
      "mode": "managed",
      "type": "azurerm_subnet",
      "name": "subredreg",
      "provider": "provider.azurerm",
      "instances": [
        {
          "schema_version": 0,
          "attributes": {
            "address_prefix": "10.0.2.0/24",
            "address_prefixes": [
              "10.0.2.0/24"
            ],
            "delegation": [],
            "enforce_private_link_endpoint_network_policies": false,
            "enforce_private_link_service_network_policies": false,
            "id": "/subscriptions/00bee382-32ba-42b5-bb2a-5077c7ed4323/resourceGroups/proyecto-ciclo/providers/Microsoft.Network/virtualNetworks/proyecto-red-registry/subnets/proyecto-subred-registry",
            "name": "proyecto-subred-registry",
            "resource_group_name": "proyecto-ciclo",
            "service_endpoints": [],
            "timeouts": null,
            "virtual_network_name": "proyecto-red-registry"
          },
          "private": "eyJlMmJmYjczMC1lY2FhLTExZTYtOGY4OC0zNDM2M2JjN2M0YzAiOnsiY3JlYXRlIjoxODAwMDAwMDAwMDAwLCJkZWxldGUiOjE4MDAwMDAwMDAwMDAsInJlYWQiOjMwMDAwMDAwMDAwMCwidXBkYXRlIjoxODAwMDAwMDAwMDAwfX0=",
          "dependencies": [
            "azurerm_resource_group.rg",
            "azurerm_virtual_network.redreg"
          ]
        }
      ]
    },
    {
      "mode": "managed",
      "type": "azurerm_virtual_network",
      "name": "red",
      "provider": "provider.azurerm",
      "instances": [
        {
          "schema_version": 0,
          "attributes": {
            "address_space": [
              "10.0.0.0/16"
            ],
            "ddos_protection_plan": [],
            "dns_servers": [],
            "guid": "a88231c0-8690-4aa9-bcf1-e19696247fa4",
            "id": "/subscriptions/00bee382-32ba-42b5-bb2a-5077c7ed4323/resourceGroups/proyecto-ciclo/providers/Microsoft.Network/virtualNetworks/proyecto-red-agent",
            "location": "westeurope",
            "name": "proyecto-red-agent",
            "resource_group_name": "proyecto-ciclo",
            "subnet": [
              {
                "address_prefix": "10.0.2.0/24",
                "id": "/subscriptions/00bee382-32ba-42b5-bb2a-5077c7ed4323/resourceGroups/proyecto-ciclo/providers/Microsoft.Network/virtualNetworks/proyecto-red-agent/subnets/proyecto-subred-agent",
                "name": "proyecto-subred-agent",
                "security_group": ""
              }
            ],
            "tags": {},
            "timeouts": null
          },
          "private": "eyJlMmJmYjczMC1lY2FhLTExZTYtOGY4OC0zNDM2M2JjN2M0YzAiOnsiY3JlYXRlIjoxODAwMDAwMDAwMDAwLCJkZWxldGUiOjE4MDAwMDAwMDAwMDAsInJlYWQiOjMwMDAwMDAwMDAwMCwidXBkYXRlIjoxODAwMDAwMDAwMDAwfX0=",
          "dependencies": [
            "azurerm_resource_group.rg"
          ]
        }
      ]
    },
    {
      "mode": "managed",
      "type": "azurerm_virtual_network",
      "name": "redreg",
      "provider": "provider.azurerm",
      "instances": [
        {
          "schema_version": 0,
          "attributes": {
            "address_space": [
              "10.0.0.0/16"
            ],
            "ddos_protection_plan": [],
            "dns_servers": [],
            "guid": "fa01f3ec-eff9-49ad-acc3-c529f2842393",
            "id": "/subscriptions/00bee382-32ba-42b5-bb2a-5077c7ed4323/resourceGroups/proyecto-ciclo/providers/Microsoft.Network/virtualNetworks/proyecto-red-registry",
            "location": "westeurope",
            "name": "proyecto-red-registry",
            "resource_group_name": "proyecto-ciclo",
            "subnet": [
              {
                "address_prefix": "10.0.2.0/24",
                "id": "/subscriptions/00bee382-32ba-42b5-bb2a-5077c7ed4323/resourceGroups/proyecto-ciclo/providers/Microsoft.Network/virtualNetworks/proyecto-red-registry/subnets/proyecto-subred-registry",
                "name": "proyecto-subred-registry",
                "security_group": ""
              }
            ],
            "tags": {},
            "timeouts": null
          },
          "private": "eyJlMmJmYjczMC1lY2FhLTExZTYtOGY4OC0zNDM2M2JjN2M0YzAiOnsiY3JlYXRlIjoxODAwMDAwMDAwMDAwLCJkZWxldGUiOjE4MDAwMDAwMDAwMDAsInJlYWQiOjMwMDAwMDAwMDAwMCwidXBkYXRlIjoxODAwMDAwMDAwMDAwfX0=",
          "dependencies": [
            "azurerm_resource_group.rg"
          ]
        }
      ]
    }
  ]
}
